github.com/jbowtie/gokogiri v0.0.0-20190301021639-37f655d3078f h1:6UIvzqlGM38lOpKP380Wbl0kUyyjutcc7KJUaDM/U4o=
github.com/jbowtie/gokogiri v0.0.0-20190301021639-37f655d3078f/go.mod h1:C3R3VzPq+DAwilxue7DiV6F2QL1rrQX0L56GyI+sBxM=
github.com/pebbe/compactcorpus v1.0.1/go.mod h1:SSpTeCZataCjjs82RJb8SOGdjkB3PlR7Z19EY4rInoQ=
github.com/pebbe/compactcorpus v1.0.2 h1:1e3xN1WkVdmyJnXV8lig8vm/InKxJMbjK1gW+yTUnEM=
github.com/pebbe/compactcorpus v1.0.2/go.mod h1:SSpTeCZataCjjs82RJb8SOGdjkB3PlR7Z19EY4rInoQ=
github.com/pebbe/dbxml v1.3.1 h1:36vm7gj4e4rYic6TaHT3MCt9EjaIJPqSjJGARSAjjxc=
github.com/pebbe/dbxml v1.3.1/go.mod h1:g5Nu8pQcuIsuZveVYYZmqgya//k4SLbtVhnZ6DDuyN4=
github.com/pebbe/util v0.9.0 h1:PMZd+CpWb8GbWEmFGlL3qd6XPuywl6xFIbrXWi870OA=
github.com/pebbe/util v0.9.0/go.mod h1:ynWl/SFX4+Seb9fpjVlYevr1f4TP7FrCmyZHiBCg69Q=
github.com/rug-compling/alpinods v1.16.2/go.mod h1:R3BBX8RIw9InVqHZ+1W+MsX8WX8uBkoVNNGE38mqF1Q=
github.com/rug-compling/alpinods v1.16.3 h1:28KB7fB49ODrsa7h9x95GTXyi+1r6VzYe070zVQwdrE=
github.com/rug-compling/alpinods v1.16.3/go.mod h1:R3BBX8RIw9InVqHZ+1W+MsX8WX8uBkoVNNGE38mqF1Q=
github.com/rug-compling/alud/v2 v2.13.0 h1:3ZFISvs4ssaA1L/N8VlB8bpQVHPIbd+iD0pSxCwxlfY=
github.com/rug-compling/alud/v2 v2.13.0/go.mod h1:ayWwNfOc9Rd7HNIBpJtffuhDHxt+VFxgfG1RtZ6569g=
github.com/ungerik/go-cairo v0.0.0-20240303200444-7cd283f89558 h1:j7egGH3DDOtz7cDr8MDrLSSpO05XA3ZgFGmbiHJbX3I=
github.com/ungerik/go-cairo v0.0.0-20240303200444-7cd283f89558/go.mod h1:yLTJg56omDJ+JVxZ5whpCrZgQdaSs+OBdFa+X6ViJcI=
github.com/wamuir/go-xslt v0.1.5 h1:FmO1SD7PpoJtHOfnXcb6R/+NANYHX8+mz0UogNJuPnk=
github.com/wamuir/go-xslt v0.1.5/go.mod h1:4TQnJGYG4FeeVIgAnV4tyr5pyZQOpxfEZv6Uby/qikU=
